PODS:
  - Alamofire (5.0.0-rc.3)
  - JNAvatarWithInitials (1.1.5):
    - SDWebImage (~> 5.0.2)
  - SDWebImage (5.0.6):
    - SDWebImage/Core (= 5.0.6)
  - SDWebImage/Core (5.0.6)

DEPENDENCIES:
  - Alamofire (~> 5.0.0-rc.3)
  - JNAvatarWithInitials

SPEC REPOS:
  trunk:
    - Alamofire
    - JNAvatarWithInitials
    - SDWebImage

SPEC CHECKSUMS:
  Alamofire: ca8c0de6906873be89d6deec5c8de279e00bf872
  JNAvatarWithInitials: 7ba52efafe450b6499c28760d1075b4eb9e68bb9
  SDWebImage: 920f1a2ff1ca8296ad34f6e0510a1ef1d70ac965

PODFILE CHECKSUM: 9cae9cef24b76dc8ef198d49aaad8e846f508d87

COCOAPODS: 1.8.3
